// !$*UTF8*$!
{
	archiveVersion = 1;
	classes = {
	};
	objectVersion = 50;
	objects = {

/* Begin PBXBuildFile section */
		4380CC3325CDCFC400D4C019 /* ItemDetailViewController.swift in Sources */ = {isa = PBXBuildFile; fileRef = 4380CC3225CDCFC400D4C019 /* ItemDetailViewController.swift */; };
		43B5128E25B0C9A400435FE6 /* AppDelegate.swift in Sources */ = {isa = PBXBuildFile; fileRef = 43B5128D25B0C9A400435FE6 /* AppDelegate.swift */; };
		43B5129025B0C9A400435FE6 /* SceneDelegate.swift in Sources */ = {isa = PBXBuildFile; fileRef = 43B5128F25B0C9A400435FE6 /* SceneDelegate.swift */; };
		43B5129225B0C9A400435FE6 /* ViewController.swift in Sources */ = {isa = PBXBuildFile; fileRef = 43B5129125B0C9A400435FE6 /* ViewController.swift */; };
		43B5129525B0C9A400435FE6 /* Main.storyboard in Resources */ = {isa = PBXBuildFile; fileRef = 43B5129325B0C9A400435FE6 /* Main.storyboard */; };
		43B5129725B0C9A600435FE6 /* Assets.xcassets in Resources */ = {isa = PBXBuildFile; fileRef = 43B5129625B0C9A600435FE6 /* Assets.xcassets */; };
		43B5129A25B0C9A600435FE6 /* LaunchScreen.storyboard in Resources */ = {isa = PBXBuildFile; fileRef = 43B5129825B0C9A600435FE6 /* LaunchScreen.storyboard */; };
		43B512A725B7A4C900435FE6 /* NewEntryViewController.swift in Sources */ = {isa = PBXBuildFile; fileRef = 43B512A625B7A4C900435FE6 /* NewEntryViewController.swift */; };
		43B512AD25B8CB5200435FE6 /* ListItem.swift in Sources */ = {isa = PBXBuildFile; fileRef = 43B512AC25B8CB5200435FE6 /* ListItem.swift */; };
		43B512B125B8CC2E00435FE6 /* DataManager.swift in Sources */ = {isa = PBXBuildFile; fileRef = 43B512B025B8CC2E00435FE6 /* DataManager.swift */; };
/* End PBXBuildFile section */

/* Begin PBXFileReference section */
		4380CC3225CDCFC400D4C019 /* ItemDetailViewController.swift */ = {isa = PBXFileReference; lastKnownFileType = sourcecode.swift; path = ItemDetailViewController.swift; sourceTree = "<group>"; };
		43B5128A25B0C9A400435FE6 /* ListApp.app */ = {isa = PBXFileReference; explicitFileType = wrapper.application; includeInIndex = 0; path = ListApp.app; sourceTree = BUILT_PRODUCTS_DIR; };
		43B5128D25B0C9A400435FE6 /* AppDelegate.swift */ = {isa = PBXFileReference; lastKnownFileType = sourcecode.swift; path = AppDelegate.swift; sourceTree = "<group>"; };
		43B5128F25B0C9A400435FE6 /* SceneDelegate.swift */ = {isa = PBXFileReference; lastKnownFileType = sourcecode.swift; path = SceneDelegate.swift; sourceTree = "<group>"; };
		43B5129125B0C9A400435FE6 /* ViewController.swift */ = {isa = PBXFileReference; lastKnownFileType = sourcecode.swift; path = ViewController.swift; sourceTree = "<group>"; };
		43B5129425B0C9A400435FE6 /* Base */ = {isa = PBXFileReference; lastKnownFileType = file.storyboard; name = Base; path = Base.lproj/Main.storyboard; sourceTree = "<group>"; };
		43B5129625B0C9A600435FE6 /* Assets.xcassets */ = {isa = PBXFileReference; lastKnownFileType = folder.assetcatalog; path = Assets.xcassets; sourceTree = "<group>"; };
		43B5129925B0C9A600435FE6 /* Base */ = {isa = PBXFileReference; lastKnownFileType = file.storyboard; name = Base; path = Base.lproj/LaunchScreen.storyboard; sourceTree = "<group>"; };
		43B5129B25B0C9A600435FE6 /* Info.plist */ = {isa = PBXFileReference; lastKnownFileType = text.plist.xml; path = Info.plist; sourceTree = "<group>"; };
		43B512A625B7A4C900435FE6 /* NewEntryViewController.swift */ = {isa = PBXFileReference; lastKnownFileType = sourcecode.swift; path = NewEntryViewController.swift; sourceTree = "<group>"; };
		43B512AC25B8CB5200435FE6 /* ListItem.swift */ = {isa = PBXFileReference; lastKnownFileType = sourcecode.swift; path = ListItem.swift; sourceTree = "<group>"; };
		43B512B025B8CC2E00435FE6 /* DataManager.swift */ = {isa = PBXFileReference; lastKnownFileType = sourcecode.swift; path = DataManager.swift; sourceTree = "<group>"; };
/* End PBXFileReference section */

/* Begin PBXFrameworksBuildPhase section */
		43B5128725B0C9A400435FE6 /* Frameworks */ = {
			isa = PBXFrameworksBuildPhase;
			buildActionMask = 2147483647;
			files = (
			);
			runOnlyForDeploymentPostprocessing = 0;
		};
/* End PBXFrameworksBuildPhase section */

/* Begin PBXGroup section */
		43B5128125B0C9A400435FE6 = {
			isa = PBXGroup;
			children = (
				43B5128C25B0C9A400435FE6 /* ListApp */,
				43B5128B25B0C9A400435FE6 /* Products */,
			);
			sourceTree = "<group>";
		};
		43B5128B25B0C9A400435FE6 /* Products */ = {
			isa = PBXGroup;
			children = (
				43B5128A25B0C9A400435FE6 /* ListApp.app */,
			);
			name = Products;
			sourceTree = "<group>";
		};
		43B5128C25B0C9A400435FE6 /* ListApp */ = {
			isa = PBXGroup;
			children = (
				43C0B85A25F9394F00CB434C /* Data Manager */,
				43B5128D25B0C9A400435FE6 /* AppDelegate.swift */,
				43B5128F25B0C9A400435FE6 /* SceneDelegate.swift */,
				43B5129325B0C9A400435FE6 /* Main.storyboard */,
				43B5129625B0C9A600435FE6 /* Assets.xcassets */,
				43B5129825B0C9A600435FE6 /* LaunchScreen.storyboard */,
				43B5129B25B0C9A600435FE6 /* Info.plist */,
				43B5129125B0C9A400435FE6 /* ViewController.swift */,
				43B512A625B7A4C900435FE6 /* NewEntryViewController.swift */,
				4380CC3225CDCFC400D4C019 /* ItemDetailViewController.swift */,
			);
			path = ListApp;
			sourceTree = "<group>";
		};
		43C0B85A25F9394F00CB434C /* Data Manager */ = {
			isa = PBXGroup;
			children = (
				43B512AC25B8CB5200435FE6 /* ListItem.swift */,
				43B512B025B8CC2E00435FE6 /* DataManager.swift */,
			);
			path = "Data Manager";
			sourceTree = "<group>";
		};
/* End PBXGroup section */

/* Begin PBXNativeTarget section */
		43B5128925B0C9A400435FE6 /* ListApp */ = {
			isa = PBXNativeTarget;
			buildConfigurationList = 43B5129E25B0C9A600435FE6 /* Build configuration list for PBXNativeTarget "ListApp" */;
			buildPhases = (
				43B5128625B0C9A400435FE6 /* Sources */,
				43B5128725B0C9A400435FE6 /* Frameworks */,
				43B5128825B0C9A400435FE6 /* Resources */,
			);
			buildRules = (
			);
			dependencies = (
			);
			name = ListApp;
			productName = ListApp;
			productReference = 43B5128A25B0C9A400435FE6 /* ListApp.app */;
			productType = "com.apple.product-type.application";
		};
/* End PBXNativeTarget section */

/* Begin PBXProject section */
		43B5128225B0C9A400435FE6 /* Project object */ = {
			isa = PBXProject;
			attributes = {
				LastSwiftUpdateCheck = 1200;
				LastUpgradeCheck = 1200;
				TargetAttributes = {
					43B5128925B0C9A400435FE6 = {
						CreatedOnToolsVersion = 12.0;
					};
				};
			};
			buildConfigurationList = 43B5128525B0C9A400435FE6 /* Build configuration list for PBXProject "ListApp" */;
			compatibilityVersion = "Xcode 9.3";
			developmentRegion = en;
			hasScannedForEncodings = 0;
			knownRegions = (
				en,
				Base,
			);
			mainGroup = 43B5128125B0C9A400435FE6;
			productRefGroup = 43B5128B25B0C9A400435FE6 /* Products */;
			projectDirPath = "";
			projectRoot = "";
			targets = (
				43B5128925B0C9A400435FE6 /* ListApp */,
			);
		};
/* End PBXProject section */

/* Begin PBXResourcesBuildPhase section */
		43B5128825B0C9A400435FE6 /* Resources */ = {
			isa = PBXResourcesBuildPhase;
			buildActionMask = 2147483647;
			files = (
				43B5129A25B0C9A600435FE6 /* LaunchScreen.storyboard in Resources */,
				43B5129725B0C9A600435FE6 /* Assets.xcassets in Resources */,
				43B5129525B0C9A400435FE6 /* Main.storyboard in Resources */,
			);
			runOnlyForDeploymentPostprocessing = 0;
		};
/* End PBXResourcesBuildPhase section */

/* Begin PBXSourcesBuildPhase section */
		43B5128625B0C9A400435FE6 /* Sources */ = {
			isa = PBXSourcesBuildPhase;
			buildActionMask = 2147483647;
			files = (
				43B5129225B0C9A400435FE6 /* ViewController.swift in Sources */,
				4380CC3325CDCFC400D4C019 /* ItemDetailViewController.swift in Sources */,
				43B5128E25B0C9A400435FE6 /* AppDelegate.swift in Sources */,
				43B512B125B8CC2E00435FE6 /* DataManager.swift in Sources */,
				43B512A725B7A4C900435FE6 /* NewEntryViewController.swift in Sources */,
				43B5129025B0C9A400435FE6 /* SceneDelegate.swift in Sources */,
				43B512AD25B8CB5200435FE6 /* ListItem.swift in Sources */,
			);
			runOnlyForDeploymentPostprocessing = 0;
		};
/* End PBXSourcesBuildPhase section */

/* Begin PBXVariantGroup section */
		43B5129325B0C9A400435FE6 /* Main.storyboard */ = {
			isa = PBXVariantGroup;
			children = (
				43B5129425B0C9A400435FE6 /* Base */,
			);
			name = Main.storyboard;
			sourceTree = "<group>";
		};
		43B5129825B0C9A600435FE6 /* LaunchScreen.storyboard */ = {
			isa = PBXVariantGroup;
			children = (
				43B5129925B0C9A600435FE6 /* Base */,
			);
			name = LaunchScreen.storyboard;
			sourceTree = "<group>";
		};
/* End PBXVariantGroup section */

/* Begin XCBuildConfiguration section */
		43B5129C25B0C9A600435FE6 /* Debug */ = {
			isa = XCBuildConfiguration;
			buildSettings = {
				ALWAYS_SEARCH_USER_PATHS = NO;
				CLANG_ANALYZER_NONNULL = YES;
				CLANG_ANALYZER_NUMBER_OBJECT_CONVERSION = YES_AGGRESSIVE;
				CLANG_CXX_LANGUAGE_STANDARD = "gnu++14";
				CLANG_CXX_LIBRARY = "libc++";
				CLANG_ENABLE_MODULES = YES;
				CLANG_ENABLE_OBJC_ARC = YES;
				CLANG_ENABLE_OBJC_WEAK = YES;
				CLANG_WARN_BLOCK_CAPTURE_AUTORELEASING = YES;
				CLANG_WARN_BOOL_CONVERSION = YES;
				CLANG_WARN_COMMA = YES;
				CLANG_WARN_CONSTANT_CONVERSION = YES;
				CLANG_WARN_DEPRECATED_OBJC_IMPLEMENTATIONS = YES;
				CLANG_WARN_DIRECT_OBJC_ISA_USAGE = YES_ERROR;
				CLANG_WARN_DOCUMENTATION_COMMENTS = YES;
				CLANG_WARN_EMPTY_BODY = YES;
				CLANG_WARN_ENUM_CONVERSION = YES;
				CLANG_WARN_INFINITE_RECURSION = YES;
				CLANG_WARN_INT_CONVERSION = YES;
				CLANG_WARN_NON_LITERAL_NULL_CONVERSION = YES;
				CLANG_WARN_OBJC_IMPLICIT_RETAIN_SELF = YES;
				CLANG_WARN_OBJC_LITERAL_CONVERSION = YES;
				CLANG_WARN_OBJC_ROOT_CLASS = YES_ERROR;
				CLANG_WARN_QUOTED_INCLUDE_IN_FRAMEWORK_HEADER = YES;
				CLANG_WARN_RANGE_LOOP_ANALYSIS = YES;
				CLANG_WARN_STRICT_PROTOTYPES = YES;
				CLANG_WARN_SUSPICIOUS_MOVE = YES;
				CLANG_WARN_UNGUARDED_AVAILABILITY = YES_AGGRESSIVE;
				CLANG_WARN_UNREACHABLE_CODE = YES;
				CLANG_WARN__DUPLICATE_METHOD_MATCH = YES;
				COPY_PHASE_STRIP = NO;
				DEBUG_INFORMATION_FORMAT = dwarf;
				ENABLE_STRICT_OBJC_MSGSEND = YES;
				ENABLE_TESTABILITY = YES;
				GCC_C_LANGUAGE_STANDARD = gnu11;
				GCC_DYNAMIC_NO_PIC = NO;
				GCC_NO_COMMON_BLOCKS = YES;
				GCC_OPTIMIZATION_LEVEL = 0;
				GCC_PREPROCESSOR_DEFINITIONS = (
					"DEBUG=1",
					"$(inherited)",
				);
				GCC_WARN_64_TO_32_BIT_CONVERSION = YES;
				GCC_WARN_ABOUT_RETURN_TYPE = YES_ERROR;
				GCC_WARN_UNDECLARED_SELECTOR = YES;
				GCC_WARN_UNINITIALIZED_AUTOS = YES_AGGRESSIVE;
				GCC_WARN_UNUSED_FUNCTION = YES;
				GCC_WARN_UNUSED_VARIABLE = YES;
				IPHONEOS_DEPLOYMENT_TARGET = 14.0;
				MTL_ENABLE_DEBUG_INFO = INCLUDE_SOURCE;
				MTL_FAST_MATH = YES;
				ONLY_ACTIVE_ARCH = YES;
				SDKROOT = iphoneos;
				SWIFT_ACTIVE_COMPILATION_CONDITIONS = DEBUG;
				SWIFT_OPTIMIZATION_LEVEL = "-Onone";
			};
			name = Debug;
		};
		43B5129D25B0C9A600435FE6 /* Release */ = {
			isa = XCBuildConfiguration;
			buildSettings = {
				ALWAYS_SEARCH_USER_PATHS = NO;
				CLANG_ANALYZER_NONNULL = YES;
				CLANG_ANALYZER_NUMBER_OBJECT_CONVERSION = YES_AGGRESSIVE;
				CLANG_CXX_LANGUAGE_STANDARD = "gnu++14";
				CLANG_CXX_LIBRARY = "libc++";
				CLANG_ENABLE_MODULES = YES;
				CLANG_ENABLE_OBJC_ARC = YES;
				CLANG_ENABLE_OBJC_WEAK = YES;
				CLANG_WARN_BLOCK_CAPTURE_AUTORELEASING = YES;
				CLANG_WARN_BOOL_CONVERSION = YES;
				CLANG_WARN_COMMA = YES;
				CLANG_WARN_CONSTANT_CONVERSION = YES;
				CLANG_WARN_DEPRECATED_OBJC_IMPLEMENTATIONS = YES;
				CLANG_WARN_DIRECT_OBJC_ISA_USAGE = YES_ERROR;
				CLANG_WARN_DOCUMENTATION_COMMENTS = YES;
				CLANG_WARN_EMPTY_BODY = YES;
				CLANG_WARN_ENUM_CONVERSION = YES;
				CLANG_WARN_INFINITE_RECURSION = YES;
				CLANG_WARN_INT_CONVERSION = YES;
				CLANG_WARN_NON_LITERAL_NULL_CONVERSION = YES;
				CLANG_WARN_OBJC_IMPLICIT_RETAIN_SELF = YES;
				CLANG_WARN_OBJC_LITERAL_CONVERSION = YES;
				CLANG_WARN_OBJC_ROOT_CLASS = YES_ERROR;
				CLANG_WARN_QUOTED_INCLUDE_IN_FRAMEWORK_HEADER = YES;
				CLANG_WARN_RANGE_LOOP_ANALYSIS = YES;
				CLANG_WARN_STRICT_PROTOTYPES = YES;
				CLANG_WARN_SUSPICIOUS_MOVE = YES;
				CLANG_WARN_UNGUARDED_AVAILABILITY = YES_AGGRESSIVE;
				CLANG_WARN_UNREACHABLE_CODE = YES;
				CLANG_WARN__DUPLICATE_METHOD_MATCH = YES;
				COPY_PHASE_STRIP = NO;
				DEBUG_INFORMATION_FORMAT = "dwarf-with-dsym";
				ENABLE_NS_ASSERTIONS = NO;
				ENABLE_STRICT_OBJC_MSGSEND = YES;
				GCC_C_LANGUAGE_STANDARD = gnu11;
				GCC_NO_COMMON_BLOCKS = YES;
				GCC_WARN_64_TO_32_BIT_CONVERSION = YES;
				GCC_WARN_ABOUT_RETURN_TYPE = YES_ERROR;
				GCC_WARN_UNDECLARED_SELECTOR = YES;
				GCC_WARN_UNINITIALIZED_AUTOS = YES_AGGRESSIVE;
				GCC_WARN_UNUSED_FUNCTION = YES;
				GCC_WARN_UNUSED_VARIABLE = YES;
				IPHONEOS_DEPLOYMENT_TARGET = 14.0;
				MTL_ENABLE_DEBUG_INFO = NO;
				MTL_FAST_MATH = YES;
				SDKROOT = iphoneos;
				SWIFT_COMPILATION_MODE = wholemodule;
				SWIFT_OPTIMIZATION_LEVEL = "-O";
				VALIDATE_PRODUCT = YES;
			};
			name = Release;
		};
		43B5129F25B0C9A600435FE6 /* Debug */ = {
			isa = XCBuildConfiguration;
			buildSettings = {
				ASSETCATALOG_COMPILER_APPICON_NAME = AppIcon;
				ASSETCATALOG_COMPILER_GLOBAL_ACCENT_COLOR_NAME = AccentColor;
				CODE_SIGN_STYLE = Automatic;
				DEVELOPMENT_TEAM = SB7X93T3M2;
				INFOPLIST_FILE = ListApp/Info.plist;
				LD_RUNPATH_SEARCH_PATHS = (
					"$(inherited)",
					"@executable_path/Frameworks",
				);
				PRODUCT_BUNDLE_IDENTIFIER = com.austinchristensen.ListApp;
				PRODUCT_NAME = "$(TARGET_NAME)";
				SWIFT_VERSION = 5.0;
				TARGETED_DEVICE_FAMILY = "1,2";
			};
			name = Debug;
		};
		43B512A025B0C9A600435FE6 /* Release */ = {
			isa = XCBuildConfiguration;
			buildSettings = {
				ASSETCATALOG_COMPILER_APPICON_NAME = AppIcon;
				ASSETCATALOG_COMPILER_GLOBAL_ACCENT_COLOR_NAME = AccentColor;
				CODE_SIGN_STYLE = Automatic;
				DEVELOPMENT_TEAM = SB7X93T3M2;
				INFOPLIST_FILE = ListApp/Info.plist;
				LD_RUNPATH_SEARCH_PATHS = (
					"$(inherited)",
					"@executable_path/Frameworks",
				);
				PRODUCT_BUNDLE_IDENTIFIER = com.austinchristensen.ListApp;
				PRODUCT_NAME = "$(TARGET_NAME)";
				SWIFT_VERSION = 5.0;
				TARGETED_DEVICE_FAMILY = "1,2";
			};
			name = Release;
		};
/* End XCBuildConfiguration section */

/* Begin XCConfigurationList section */
		43B5128525B0C9A400435FE6 /* Build configuration list for PBXProject "ListApp" */ = {
			isa = XCConfigurationList;
			buildConfigurations = (
				43B5129C25B0C9A600435FE6 /* Debug */,
				43B5129D25B0C9A600435FE6 /* Release */,
			);
			defaultConfigurationIsVisible = 0;
			defaultConfigurationName = Release;
		};
		43B5129E25B0C9A600435FE6 /* Build configuration list for PBXNativeTarget "ListApp" */ = {
			isa = XCConfigurationList;
			buildConfigurations = (
				43B5129F25B0C9A600435FE6 /* Debug */,
				43B512A025B0C9A600435FE6 /* Release */,
			);
			defaultConfigurationIsVisible = 0;
			defaultConfigurationName = Release;
		};
/* End XCConfigurationList section */
	};
	rootObject = 43B5128225B0C9A400435FE6 /* Project object */;
}
